; This file was auto-generated by drush make
core = 7.x
api = 2

; Core
projects[drupal][subdir] = "contrib"
projects[drupal][version] = "7.39"
projects[drupal][type] = "core"

; Libraries
libraries[civicrm][destination] = "modules"
libraries[civicrm][directory_name] = "civicrm"
libraries[civicrm][download][type] = "get"
libraries[civicrm][download][url] = "http://downloads.sourceforge.net/project/civicrm/civicrm-stable/4.6.6/civicrm-4.6.6-drupal.tar.gz"
libraries[civicrm][type] = "library"

